
Microsoft Visual Studio Solution File, Format Version 12.00
# Visual Studio Version 16
VisualStudioVersion = 16.0.31729.503
MinimumVisualStudioVersion = 10.0.40219.1
Project("{9A19103F-16F7-4668-BE54-9A1E7A4F7556}") = "AirlineManagement", "AirlineManagement\AirlineManagement.csproj", "{9C18B251-09BD-478F-A078-9DDCB8F0BEA3}"
EndProject
Project("{FAE04EC0-301F-11D3-BF4B-00C04F79EFBC}") = "Booking", "Booking\Booking.csproj", "{2D86720F-11F3-41CF-A7D5-1D47D1CC7AA7}"
EndProject
Global
	GlobalSection(SolutionConfigurationPlatforms) = preSolution
		Debug|Any CPU = Debug|Any CPU
		Release|Any CPU = Release|Any CPU
	EndGlobalSection
	GlobalSection(ProjectConfigurationPlatforms) = postSolution
		{9C18B251-09BD-478F-A078-9DDCB8F0BEA3}.Debug|Any CPU.ActiveCfg = Debug|Any CPU
		{9C18B251-09BD-478F-A078-9DDCB8F0BEA3}.Debug|Any CPU.Build.0 = Debug|Any CPU
		{9C18B251-09BD-478F-A078-9DDCB8F0BEA3}.Release|Any CPU.ActiveCfg = Release|Any CPU
		{9C18B251-09BD-478F-A078-9DDCB8F0BEA3}.Release|Any CPU.Build.0 = Release|Any CPU
		{2D86720F-11F3-41CF-A7D5-1D47D1CC7AA7}.Debug|Any CPU.ActiveCfg = Debug|Any CPU
		{2D86720F-11F3-41CF-A7D5-1D47D1CC7AA7}.Debug|Any CPU.Build.0 = Debug|Any CPU
		{2D86720F-11F3-41CF-A7D5-1D47D1CC7AA7}.Release|Any CPU.ActiveCfg = Release|Any CPU
		{2D86720F-11F3-41CF-A7D5-1D47D1CC7AA7}.Release|Any CPU.Build.0 = Release|Any CPU
	EndGlobalSection
	GlobalSection(SolutionProperties) = preSolution
		HideSolutionNode = FALSE
	EndGlobalSection
	GlobalSection(ExtensibilityGlobals) = postSolution
		SolutionGuid = {B1E66478-47B7-48AC-AF5F-0F4E4DAD828D}
	EndGlobalSection
EndGlobal
